
Microsoft Visual Studio Solution File, Format Version 12.00
# Visual Studio Version 16
VisualStudioVersion = 16.0.32002.261
MinimumVisualStudioVersion = 10.0.40219.1
Project("{FAE04EC0-301F-11D3-BF4B-00C04F79EFBC}") = "Care4Pets.Api", "Care4Pets.Api\Care4Pets.Api.csproj", "{051DAEE2-7417-43C2-A2E5-EE68BC923ABE}"
EndProject
Project("{FAE04EC0-301F-11D3-BF4B-00C04F79EFBC}") = "Care4Pets.Api.Tests", "Care4Pets.Api.Tests\Care4Pets.Api.Tests.csproj", "{7500343C-A2EF-411D-B9D7-7710EB0A3C83}"
EndProject
Project("{FAE04EC0-301F-11D3-BF4B-00C04F79EFBC}") = "Care4Pets.Api.Dal", "Care4Pets.Api.Dal\Care4Pets.Api.Dal.csproj", "{2E6413B7-A675-4B64-A708-D7E66611E0C5}"
EndProject
Project("{FAE04EC0-301F-11D3-BF4B-00C04F79EFBC}") = "Care4Pets.Api.Bll", "Care4Pets.Api.Bll\Care4Pets.Api.Bll.csproj", "{B59FCA6F-96F3-4000-A659-6DBFDD13112D}"
EndProject
Global
	GlobalSection(SolutionConfigurationPlatforms) = preSolution
		Debug|Any CPU = Debug|Any CPU
		Release|Any CPU = Release|Any CPU
	EndGlobalSection
	GlobalSection(ProjectConfigurationPlatforms) = postSolution
		{051DAEE2-7417-43C2-A2E5-EE68BC923ABE}.Debug|Any CPU.ActiveCfg = Debug|Any CPU
		{051DAEE2-7417-43C2-A2E5-EE68BC923ABE}.Debug|Any CPU.Build.0 = Debug|Any CPU
		{051DAEE2-7417-43C2-A2E5-EE68BC923ABE}.Release|Any CPU.ActiveCfg = Release|Any CPU
		{051DAEE2-7417-43C2-A2E5-EE68BC923ABE}.Release|Any CPU.Build.0 = Release|Any CPU
		{7500343C-A2EF-411D-B9D7-7710EB0A3C83}.Debug|Any CPU.ActiveCfg = Debug|Any CPU
		{7500343C-A2EF-411D-B9D7-7710EB0A3C83}.Debug|Any CPU.Build.0 = Debug|Any CPU
		{7500343C-A2EF-411D-B9D7-7710EB0A3C83}.Release|Any CPU.ActiveCfg = Release|Any CPU
		{7500343C-A2EF-411D-B9D7-7710EB0A3C83}.Release|Any CPU.Build.0 = Release|Any CPU
		{2E6413B7-A675-4B64-A708-D7E66611E0C5}.Debug|Any CPU.ActiveCfg = Debug|Any CPU
		{2E6413B7-A675-4B64-A708-D7E66611E0C5}.Debug|Any CPU.Build.0 = Debug|Any CPU
		{2E6413B7-A675-4B64-A708-D7E66611E0C5}.Release|Any CPU.ActiveCfg = Release|Any CPU
		{2E6413B7-A675-4B64-A708-D7E66611E0C5}.Release|Any CPU.Build.0 = Release|Any CPU
		{B59FCA6F-96F3-4000-A659-6DBFDD13112D}.Debug|Any CPU.ActiveCfg = Debug|Any CPU
		{B59FCA6F-96F3-4000-A659-6DBFDD13112D}.Debug|Any CPU.Build.0 = Debug|Any CPU
		{B59FCA6F-96F3-4000-A659-6DBFDD13112D}.Release|Any CPU.ActiveCfg = Release|Any CPU
		{B59FCA6F-96F3-4000-A659-6DBFDD13112D}.Release|Any CPU.Build.0 = Release|Any CPU
	EndGlobalSection
	GlobalSection(SolutionProperties) = preSolution
		HideSolutionNode = FALSE
	EndGlobalSection
	GlobalSection(ExtensibilityGlobals) = postSolution
		SolutionGuid = {B891276D-F771-43C6-9BBE-1D669F733E76}
	EndGlobalSection
EndGlobal
